
Microsoft Visual Studio Solution File, Format Version 12.00
# Visual Studio for Mac
Project("{FAE04EC0-301F-11D3-BF4B-00C04F79EFBC}") = "MonsterGo-master", "Assembly-CSharp.csproj", "{20BD6C9C-8817-87D8-37EB-2A06A8CDA011}"
EndProject
Project("{FAE04EC0-301F-11D3-BF4B-00C04F79EFBC}") = "MonsterGo-master", "Assembly-CSharp-Editor.csproj", "{137E10F1-9A78-B1D2-D550-C08E9198312C}"
EndProject
Global
	GlobalSection(SolutionConfigurationPlatforms) = preSolution
		Debug|Any CPU = Debug|Any CPU
		Release|Any CPU = Release|Any CPU
	EndGlobalSection
	GlobalSection(ProjectConfigurationPlatforms) = postSolution
		{20BD6C9C-8817-87D8-37EB-2A06A8CDA011}.Debug|Any CPU.ActiveCfg = Debug|Any CPU
		{20BD6C9C-8817-87D8-37EB-2A06A8CDA011}.Debug|Any CPU.Build.0 = Debug|Any CPU
		{20BD6C9C-8817-87D8-37EB-2A06A8CDA011}.Release|Any CPU.ActiveCfg = Release|Any CPU
		{20BD6C9C-8817-87D8-37EB-2A06A8CDA011}.Release|Any CPU.Build.0 = Release|Any CPU
		{137E10F1-9A78-B1D2-D550-C08E9198312C}.Debug|Any CPU.ActiveCfg = Debug|Any CPU
		{137E10F1-9A78-B1D2-D550-C08E9198312C}.Debug|Any CPU.Build.0 = Debug|Any CPU
		{137E10F1-9A78-B1D2-D550-C08E9198312C}.Release|Any CPU.ActiveCfg = Release|Any CPU
		{137E10F1-9A78-B1D2-D550-C08E9198312C}.Release|Any CPU.Build.0 = Release|Any CPU
	EndGlobalSection
	GlobalSection(SolutionProperties) = preSolution
		HideSolutionNode = FALSE
	EndGlobalSection
EndGlobal
